
Microsoft Visual Studio Solution File, Format Version 12.00
# Visual Studio Version 16
VisualStudioVersion = 16.0.30204.135
MinimumVisualStudioVersion = 10.0.40219.1
Project("{FAE04EC0-301F-11D3-BF4B-00C04F79EFBC}") = "Nova Installer", "C:\Users\John\source\repos\Nova Installer\Nova Installer.csproj", "{A339D9F0-14D6-4083-A5DD-53486B1A9C91}"
EndProject
Global
	GlobalSection(SolutionConfigurationPlatforms) = preSolution
		Debug|Any CPU = Debug|Any CPU
		Release|Any CPU = Release|Any CPU
	EndGlobalSection
	GlobalSection(ProjectConfigurationPlatforms) = postSolution
		{A339D9F0-14D6-4083-A5DD-53486B1A9C91}.Debug|Any CPU.ActiveCfg = Debug|Any CPU
		{A339D9F0-14D6-4083-A5DD-53486B1A9C91}.Debug|Any CPU.Build.0 = Debug|Any CPU
		{A339D9F0-14D6-4083-A5DD-53486B1A9C91}.Release|Any CPU.ActiveCfg = Release|Any CPU
		{A339D9F0-14D6-4083-A5DD-53486B1A9C91}.Release|Any CPU.Build.0 = Release|Any CPU
	EndGlobalSection
	GlobalSection(SolutionProperties) = preSolution
		HideSolutionNode = FALSE
	EndGlobalSection
	GlobalSection(ExtensibilityGlobals) = postSolution
		SolutionGuid = {B1C26F86-DE44-4C57-8A05-BC34ACE88E71}
	EndGlobalSection
EndGlobal
